{
  "nodes": {
    "home-manager": {
      "inputs": {
        "nixpkgs": [
          "nixpkgs"
        ]
      },
      "locked": {
        "lastModified": 1756788591,
        "narHash": "sha256-LOrOfPWpJU/ADWDyVwPv9XNuYPq5KJtmAmSzplpccmE=",
        "owner": "nix-community",
        "repo": "home-manager",
        "rev": "f3d3b4592a73fb64b5423234c01985ea73976596",
        "type": "github"
      },
      "original": {
        "id": "home-manager",
        "type": "indirect"
      }
    },
    "nixpkgs": {
      "locked": {
        "lastModified": 315532800,
        "narHash": "sha256-SPr23AiOrn3cX2vhw463YL9VVu97efz+uYRCWtnoxVQ=",
        "type": "tarball",
        "url": "https://mirrors.ustc.edu.cn/nix-channels/nixpkgs-unstable/nixexprs.tar.xz"
      },
      "original": {
        "type": "tarball",
        "url": "https://mirrors.ustc.edu.cn/nix-channels/nixpkgs-unstable/nixexprs.tar.xz"
      }
    },
    "root": {
      "inputs": {
        "home-manager": "home-manager",
        "nixpkgs": "nixpkgs"
      }
    }
  },
  "root": "root",
  "version": 7
}
