{
  "nodes": {
    "home-manager": {
      "inputs": {
        "nixpkgs": [
          "nixpkgs"
        ]
      },
      "locked": {
        "lastModified": 1756837205,
        "narHash": "sha256-D+Ne2PjpPJ1O2SUg7ChXGGd7UBhsZm8lKON1MP8cfUQ=",
        "owner": "nix-community",
        "repo": "home-manager",
        "rev": "a1316b0a77ef3e082a75bc5dc685c249b3c25f2c",
        "type": "github"
      },
      "original": {
        "id": "home-manager",
        "type": "indirect"
      }
    },
    "nixpkgs": {
      "locked": {
        "lastModified": 1756696532,
        "narHash": "sha256-6FWagzm0b7I/IGigOv9pr6LL7NQ86mextfE8g8Q6HBg=",
        "owner": "NixOS",
        "repo": "nixpkgs",
        "rev": "58dcbf1ec551914c3756c267b8b9c8c86baa1b2f",
        "type": "github"
      },
      "original": {
        "id": "nixpkgs",
        "type": "indirect"
      }
    },
    "root": {
      "inputs": {
        "home-manager": "home-manager",
        "nixpkgs": "nixpkgs"
      }
    }
  },
  "root": "root",
  "version": 7
}
